// !$*UTF8*$!
{
	archiveVersion = 1;
	classes = {
	};
	objectVersion = 55;
	objects = {

/* Begin PBXBuildFile section */
		AC61521027FD7601003474BD /* SafariApp.swift in Sources */ = {isa = PBXBuildFile; fileRef = AC61520F27FD7601003474BD /* SafariApp.swift */; };
		AC61521227FD7601003474BD /* ContentView.swift in Sources */ = {isa = PBXBuildFile; fileRef = AC61521127FD7601003474BD /* ContentView.swift */; };
		AC61521427FD7602003474BD /* Assets.xcassets in Resources */ = {isa = PBXBuildFile; fileRef = AC61521327FD7602003474BD /* Assets.xcassets */; };
		AC61521727FD7602003474BD /* Preview Assets.xcassets in Resources */ = {isa = PBXBuildFile; fileRef = AC61521627FD7602003474BD /* Preview Assets.xcassets */; };
		AC61522827FD7AB4003474BD /* gorilla.mp4 in Resources */ = {isa = PBXBuildFile; fileRef = AC61521E27FD7AB3003474BD /* gorilla.mp4 */; };
		AC61522927FD7AB4003474BD /* lioness.mp4 in Resources */ = {isa = PBXBuildFile; fileRef = AC61521F27FD7AB3003474BD /* lioness.mp4 */; };
		AC61522A27FD7AB4003474BD /* rhino.mp4 in Resources */ = {isa = PBXBuildFile; fileRef = AC61522027FD7AB3003474BD /* rhino.mp4 */; };
		AC61522B27FD7AB4003474BD /* elephant.mp4 in Resources */ = {isa = PBXBuildFile; fileRef = AC61522127FD7AB3003474BD /* elephant.mp4 */; };
		AC61522C27FD7AB4003474BD /* lion.mp4 in Resources */ = {isa = PBXBuildFile; fileRef = AC61522227FD7AB3003474BD /* lion.mp4 */; };
		AC61522D27FD7AB4003474BD /* ostrich.mp4 in Resources */ = {isa = PBXBuildFile; fileRef = AC61522327FD7AB4003474BD /* ostrich.mp4 */; };
		AC61522E27FD7AB4003474BD /* zebra.mp4 in Resources */ = {isa = PBXBuildFile; fileRef = AC61522427FD7AB4003474BD /* zebra.mp4 */; };
		AC61522F27FD7AB4003474BD /* cheetah.mp4 in Resources */ = {isa = PBXBuildFile; fileRef = AC61522527FD7AB4003474BD /* cheetah.mp4 */; };
		AC61523027FD7AB4003474BD /* giraffe.mp4 in Resources */ = {isa = PBXBuildFile; fileRef = AC61522627FD7AB4003474BD /* giraffe.mp4 */; };
		AC61523127FD7AB4003474BD /* hippo.mp4 in Resources */ = {isa = PBXBuildFile; fileRef = AC61522727FD7AB4003474BD /* hippo.mp4 */; };
		AC61523727FD7B43003474BD /* videos.json in Resources */ = {isa = PBXBuildFile; fileRef = AC61523327FD7B43003474BD /* videos.json */; };
		AC61523827FD7B43003474BD /* animals.json in Resources */ = {isa = PBXBuildFile; fileRef = AC61523427FD7B43003474BD /* animals.json */; };
		AC61523927FD7B43003474BD /* covers.json in Resources */ = {isa = PBXBuildFile; fileRef = AC61523527FD7B43003474BD /* covers.json */; };
		AC61523A27FD7B43003474BD /* locations.json in Resources */ = {isa = PBXBuildFile; fileRef = AC61523627FD7B43003474BD /* locations.json */; };
		AC61523E27FD7EDC003474BD /* VideoListView.swift in Sources */ = {isa = PBXBuildFile; fileRef = AC61523D27FD7EDC003474BD /* VideoListView.swift */; };
		AC61524027FD7EF0003474BD /* MapView.swift in Sources */ = {isa = PBXBuildFile; fileRef = AC61523F27FD7EF0003474BD /* MapView.swift */; };
		AC61524227FD7F01003474BD /* GalleryView.swift in Sources */ = {isa = PBXBuildFile; fileRef = AC61524127FD7F01003474BD /* GalleryView.swift */; };
		AC61524427FD7F0F003474BD /* MainView.swift in Sources */ = {isa = PBXBuildFile; fileRef = AC61524327FD7F0F003474BD /* MainView.swift */; };
		AC61524727FDEFB1003474BD /* CoverImageView.swift in Sources */ = {isa = PBXBuildFile; fileRef = AC61524627FDEFB1003474BD /* CoverImageView.swift */; };
		ACA8D86627FEC40600D3CA0E /* CoverImageModel.swift in Sources */ = {isa = PBXBuildFile; fileRef = ACA8D86527FEC40600D3CA0E /* CoverImageModel.swift */; };
		ACA8D86927FEDC5200D3CA0E /* CodableBundleExtension.swift in Sources */ = {isa = PBXBuildFile; fileRef = ACA8D86827FEDC5200D3CA0E /* CodableBundleExtension.swift */; };
		ACA8D86B2801E40000D3CA0E /* AnimalListItemView.swift in Sources */ = {isa = PBXBuildFile; fileRef = ACA8D86A2801E3FF00D3CA0E /* AnimalListItemView.swift */; };
		ACA8D86D2801E72300D3CA0E /* AnimalModel.swift in Sources */ = {isa = PBXBuildFile; fileRef = ACA8D86C2801E72300D3CA0E /* AnimalModel.swift */; };
		ACA8D86F280410EC00D3CA0E /* AnimalDetailView.swift in Sources */ = {isa = PBXBuildFile; fileRef = ACA8D86E280410EC00D3CA0E /* AnimalDetailView.swift */; };
		ACA8D871280415A900D3CA0E /* HeadingView.swift in Sources */ = {isa = PBXBuildFile; fileRef = ACA8D870280415A900D3CA0E /* HeadingView.swift */; };
		ACA8D8732804175B00D3CA0E /* InsetGalleryView.swift in Sources */ = {isa = PBXBuildFile; fileRef = ACA8D8722804175B00D3CA0E /* InsetGalleryView.swift */; };
		ACA8D875280473C000D3CA0E /* InsetFactView.swift in Sources */ = {isa = PBXBuildFile; fileRef = ACA8D874280473C000D3CA0E /* InsetFactView.swift */; };
		ACA8D8772804781500D3CA0E /* InsetMapView.swift in Sources */ = {isa = PBXBuildFile; fileRef = ACA8D8762804781500D3CA0E /* InsetMapView.swift */; };
		ACA8D87928047C6000D3CA0E /* ExternalWeblinkView.swift in Sources */ = {isa = PBXBuildFile; fileRef = ACA8D87828047C6000D3CA0E /* ExternalWeblinkView.swift */; };
/* End PBXBuildFile section */

/* Begin PBXFileReference section */
		AC61520C27FD7601003474BD /* Safari.app */ = {isa = PBXFileReference; explicitFileType = wrapper.application; includeInIndex = 0; path = Safari.app; sourceTree = BUILT_PRODUCTS_DIR; };
		AC61520F27FD7601003474BD /* SafariApp.swift */ = {isa = PBXFileReference; lastKnownFileType = sourcecode.swift; path = SafariApp.swift; sourceTree = "<group>"; };
		AC61521127FD7601003474BD /* ContentView.swift */ = {isa = PBXFileReference; lastKnownFileType = sourcecode.swift; path = ContentView.swift; sourceTree = "<group>"; };
		AC61521327FD7602003474BD /* Assets.xcassets */ = {isa = PBXFileReference; lastKnownFileType = folder.assetcatalog; path = Assets.xcassets; sourceTree = "<group>"; };
		AC61521627FD7602003474BD /* Preview Assets.xcassets */ = {isa = PBXFileReference; lastKnownFileType = folder.assetcatalog; path = "Preview Assets.xcassets"; sourceTree = "<group>"; };
		AC61521E27FD7AB3003474BD /* gorilla.mp4 */ = {isa = PBXFileReference; lastKnownFileType = file; path = gorilla.mp4; sourceTree = "<group>"; };
		AC61521F27FD7AB3003474BD /* lioness.mp4 */ = {isa = PBXFileReference; lastKnownFileType = file; path = lioness.mp4; sourceTree = "<group>"; };
		AC61522027FD7AB3003474BD /* rhino.mp4 */ = {isa = PBXFileReference; lastKnownFileType = file; path = rhino.mp4; sourceTree = "<group>"; };
		AC61522127FD7AB3003474BD /* elephant.mp4 */ = {isa = PBXFileReference; lastKnownFileType = file; path = elephant.mp4; sourceTree = "<group>"; };
		AC61522227FD7AB3003474BD /* lion.mp4 */ = {isa = PBXFileReference; lastKnownFileType = file; path = lion.mp4; sourceTree = "<group>"; };
		AC61522327FD7AB4003474BD /* ostrich.mp4 */ = {isa = PBXFileReference; lastKnownFileType = file; path = ostrich.mp4; sourceTree = "<group>"; };
		AC61522427FD7AB4003474BD /* zebra.mp4 */ = {isa = PBXFileReference; lastKnownFileType = file; path = zebra.mp4; sourceTree = "<group>"; };
		AC61522527FD7AB4003474BD /* cheetah.mp4 */ = {isa = PBXFileReference; lastKnownFileType = file; path = cheetah.mp4; sourceTree = "<group>"; };
		AC61522627FD7AB4003474BD /* giraffe.mp4 */ = {isa = PBXFileReference; lastKnownFileType = file; path = giraffe.mp4; sourceTree = "<group>"; };
		AC61522727FD7AB4003474BD /* hippo.mp4 */ = {isa = PBXFileReference; lastKnownFileType = file; path = hippo.mp4; sourceTree = "<group>"; };
		AC61523327FD7B43003474BD /* videos.json */ = {isa = PBXFileReference; fileEncoding = 4; lastKnownFileType = text.json; path = videos.json; sourceTree = "<group>"; };
		AC61523427FD7B43003474BD /* animals.json */ = {isa = PBXFileReference; fileEncoding = 4; lastKnownFileType = text.json; path = animals.json; sourceTree = "<group>"; };
		AC61523527FD7B43003474BD /* covers.json */ = {isa = PBXFileReference; fileEncoding = 4; lastKnownFileType = text.json; path = covers.json; sourceTree = "<group>"; };
		AC61523627FD7B43003474BD /* locations.json */ = {isa = PBXFileReference; fileEncoding = 4; lastKnownFileType = text.json; path = locations.json; sourceTree = "<group>"; };
		AC61523B27FD7C77003474BD /* Info.plist */ = {isa = PBXFileReference; lastKnownFileType = text.plist; path = Info.plist; sourceTree = "<group>"; };
		AC61523D27FD7EDC003474BD /* VideoListView.swift */ = {isa = PBXFileReference; lastKnownFileType = sourcecode.swift; path = VideoListView.swift; sourceTree = "<group>"; };
		AC61523F27FD7EF0003474BD /* MapView.swift */ = {isa = PBXFileReference; lastKnownFileType = sourcecode.swift; path = MapView.swift; sourceTree = "<group>"; };
		AC61524127FD7F01003474BD /* GalleryView.swift */ = {isa = PBXFileReference; lastKnownFileType = sourcecode.swift; path = GalleryView.swift; sourceTree = "<group>"; };
		AC61524327FD7F0F003474BD /* MainView.swift */ = {isa = PBXFileReference; lastKnownFileType = sourcecode.swift; path = MainView.swift; sourceTree = "<group>"; };
		AC61524627FDEFB1003474BD /* CoverImageView.swift */ = {isa = PBXFileReference; lastKnownFileType = sourcecode.swift; path = CoverImageView.swift; sourceTree = "<group>"; };
		ACA8D86527FEC40600D3CA0E /* CoverImageModel.swift */ = {isa = PBXFileReference; lastKnownFileType = sourcecode.swift; path = CoverImageModel.swift; sourceTree = "<group>"; };
		ACA8D86827FEDC5200D3CA0E /* CodableBundleExtension.swift */ = {isa = PBXFileReference; lastKnownFileType = sourcecode.swift; path = CodableBundleExtension.swift; sourceTree = "<group>"; };
		ACA8D86A2801E3FF00D3CA0E /* AnimalListItemView.swift */ = {isa = PBXFileReference; lastKnownFileType = sourcecode.swift; path = AnimalListItemView.swift; sourceTree = "<group>"; };
		ACA8D86C2801E72300D3CA0E /* AnimalModel.swift */ = {isa = PBXFileReference; lastKnownFileType = sourcecode.swift; path = AnimalModel.swift; sourceTree = "<group>"; };
		ACA8D86E280410EC00D3CA0E /* AnimalDetailView.swift */ = {isa = PBXFileReference; lastKnownFileType = sourcecode.swift; path = AnimalDetailView.swift; sourceTree = "<group>"; };
		ACA8D870280415A900D3CA0E /* HeadingView.swift */ = {isa = PBXFileReference; lastKnownFileType = sourcecode.swift; path = HeadingView.swift; sourceTree = "<group>"; };
		ACA8D8722804175B00D3CA0E /* InsetGalleryView.swift */ = {isa = PBXFileReference; lastKnownFileType = sourcecode.swift; path = InsetGalleryView.swift; sourceTree = "<group>"; };
		ACA8D874280473C000D3CA0E /* InsetFactView.swift */ = {isa = PBXFileReference; lastKnownFileType = sourcecode.swift; path = InsetFactView.swift; sourceTree = "<group>"; };
		ACA8D8762804781500D3CA0E /* InsetMapView.swift */ = {isa = PBXFileReference; lastKnownFileType = sourcecode.swift; path = InsetMapView.swift; sourceTree = "<group>"; };
		ACA8D87828047C6000D3CA0E /* ExternalWeblinkView.swift */ = {isa = PBXFileReference; lastKnownFileType = sourcecode.swift; path = ExternalWeblinkView.swift; sourceTree = "<group>"; };
/* End PBXFileReference section */

/* Begin PBXFrameworksBuildPhase section */
		AC61520927FD7601003474BD /* Frameworks */ = {
			isa = PBXFrameworksBuildPhase;
			buildActionMask = 2147483647;
			files = (
			);
			runOnlyForDeploymentPostprocessing = 0;
		};
/* End PBXFrameworksBuildPhase section */

/* Begin PBXGroup section */
		AC61520327FD7601003474BD = {
			isa = PBXGroup;
			children = (
				AC61520E27FD7601003474BD /* Safari */,
				AC61520D27FD7601003474BD /* Products */,
			);
			sourceTree = "<group>";
		};
		AC61520D27FD7601003474BD /* Products */ = {
			isa = PBXGroup;
			children = (
				AC61520C27FD7601003474BD /* Safari.app */,
			);
			name = Products;
			sourceTree = "<group>";
		};
		AC61520E27FD7601003474BD /* Safari */ = {
			isa = PBXGroup;
			children = (
				ACA8D86727FEDC3D00D3CA0E /* Extension */,
				AC61524827FEC3B9003474BD /* Model */,
				AC61524527FDEF91003474BD /* View */,
				AC61523B27FD7C77003474BD /* Info.plist */,
				AC61523227FD7B1F003474BD /* Data */,
				AC61521D27FD7A91003474BD /* Video */,
				AC61523C27FD7DF6003474BD /* App */,
				AC61521327FD7602003474BD /* Assets.xcassets */,
				AC61521527FD7602003474BD /* Preview Content */,
			);
			path = Safari;
			sourceTree = "<group>";
		};
		AC61521527FD7602003474BD /* Preview Content */ = {
			isa = PBXGroup;
			children = (
				AC61521627FD7602003474BD /* Preview Assets.xcassets */,
			);
			path = "Preview Content";
			sourceTree = "<group>";
		};
		AC61521D27FD7A91003474BD /* Video */ = {
			isa = PBXGroup;
			children = (
				AC61522527FD7AB4003474BD /* cheetah.mp4 */,
				AC61522127FD7AB3003474BD /* elephant.mp4 */,
				AC61522627FD7AB4003474BD /* giraffe.mp4 */,
				AC61521E27FD7AB3003474BD /* gorilla.mp4 */,
				AC61522727FD7AB4003474BD /* hippo.mp4 */,
				AC61522227FD7AB3003474BD /* lion.mp4 */,
				AC61521F27FD7AB3003474BD /* lioness.mp4 */,
				AC61522327FD7AB4003474BD /* ostrich.mp4 */,
				AC61522027FD7AB3003474BD /* rhino.mp4 */,
				AC61522427FD7AB4003474BD /* zebra.mp4 */,
			);
			path = Video;
			sourceTree = "<group>";
		};
		AC61523227FD7B1F003474BD /* Data */ = {
			isa = PBXGroup;
			children = (
				AC61523427FD7B43003474BD /* animals.json */,
				AC61523527FD7B43003474BD /* covers.json */,
				AC61523627FD7B43003474BD /* locations.json */,
				AC61523327FD7B43003474BD /* videos.json */,
			);
			path = Data;
			sourceTree = "<group>";
		};
		AC61523C27FD7DF6003474BD /* App */ = {
			isa = PBXGroup;
			children = (
				AC61520F27FD7601003474BD /* SafariApp.swift */,
				AC61521127FD7601003474BD /* ContentView.swift */,
				AC61523D27FD7EDC003474BD /* VideoListView.swift */,
				AC61523F27FD7EF0003474BD /* MapView.swift */,
				AC61524127FD7F01003474BD /* GalleryView.swift */,
				AC61524327FD7F0F003474BD /* MainView.swift */,
			);
			path = App;
			sourceTree = "<group>";
		};
		AC61524527FDEF91003474BD /* View */ = {
			isa = PBXGroup;
			children = (
				AC61524627FDEFB1003474BD /* CoverImageView.swift */,
				ACA8D86A2801E3FF00D3CA0E /* AnimalListItemView.swift */,
				ACA8D86E280410EC00D3CA0E /* AnimalDetailView.swift */,
				ACA8D870280415A900D3CA0E /* HeadingView.swift */,
				ACA8D8722804175B00D3CA0E /* InsetGalleryView.swift */,
				ACA8D874280473C000D3CA0E /* InsetFactView.swift */,
				ACA8D8762804781500D3CA0E /* InsetMapView.swift */,
				ACA8D87828047C6000D3CA0E /* ExternalWeblinkView.swift */,
			);
			path = View;
			sourceTree = "<group>";
		};
		AC61524827FEC3B9003474BD /* Model */ = {
			isa = PBXGroup;
			children = (
				ACA8D86527FEC40600D3CA0E /* CoverImageModel.swift */,
				ACA8D86C2801E72300D3CA0E /* AnimalModel.swift */,
			);
			path = Model;
			sourceTree = "<group>";
		};
		ACA8D86727FEDC3D00D3CA0E /* Extension */ = {
			isa = PBXGroup;
			children = (
				ACA8D86827FEDC5200D3CA0E /* CodableBundleExtension.swift */,
			);
			path = Extension;
			sourceTree = "<group>";
		};
/* End PBXGroup section */

/* Begin PBXNativeTarget section */
		AC61520B27FD7601003474BD /* Safari */ = {
			isa = PBXNativeTarget;
			buildConfigurationList = AC61521A27FD7602003474BD /* Build configuration list for PBXNativeTarget "Safari" */;
			buildPhases = (
				AC61520827FD7601003474BD /* Sources */,
				AC61520927FD7601003474BD /* Frameworks */,
				AC61520A27FD7601003474BD /* Resources */,
			);
			buildRules = (
			);
			dependencies = (
			);
			name = Safari;
			productName = Safari;
			productReference = AC61520C27FD7601003474BD /* Safari.app */;
			productType = "com.apple.product-type.application";
		};
/* End PBXNativeTarget section */

/* Begin PBXProject section */
		AC61520427FD7601003474BD /* Project object */ = {
			isa = PBXProject;
			attributes = {
				BuildIndependentTargetsInParallel = 1;
				LastSwiftUpdateCheck = 1330;
				LastUpgradeCheck = 1330;
				TargetAttributes = {
					AC61520B27FD7601003474BD = {
						CreatedOnToolsVersion = 13.3;
					};
				};
			};
			buildConfigurationList = AC61520727FD7601003474BD /* Build configuration list for PBXProject "Safari" */;
			compatibilityVersion = "Xcode 13.0";
			developmentRegion = en;
			hasScannedForEncodings = 0;
			knownRegions = (
				en,
				Base,
			);
			mainGroup = AC61520327FD7601003474BD;
			productRefGroup = AC61520D27FD7601003474BD /* Products */;
			projectDirPath = "";
			projectRoot = "";
			targets = (
				AC61520B27FD7601003474BD /* Safari */,
			);
		};
/* End PBXProject section */

/* Begin PBXResourcesBuildPhase section */
		AC61520A27FD7601003474BD /* Resources */ = {
			isa = PBXResourcesBuildPhase;
			buildActionMask = 2147483647;
			files = (
				AC61521727FD7602003474BD /* Preview Assets.xcassets in Resources */,
				AC61522827FD7AB4003474BD /* gorilla.mp4 in Resources */,
				AC61523A27FD7B43003474BD /* locations.json in Resources */,
				AC61522C27FD7AB4003474BD /* lion.mp4 in Resources */,
				AC61522B27FD7AB4003474BD /* elephant.mp4 in Resources */,
				AC61523727FD7B43003474BD /* videos.json in Resources */,
				AC61523127FD7AB4003474BD /* hippo.mp4 in Resources */,
				AC61521427FD7602003474BD /* Assets.xcassets in Resources */,
				AC61523827FD7B43003474BD /* animals.json in Resources */,
				AC61522A27FD7AB4003474BD /* rhino.mp4 in Resources */,
				AC61523027FD7AB4003474BD /* giraffe.mp4 in Resources */,
				AC61523927FD7B43003474BD /* covers.json in Resources */,
				AC61522F27FD7AB4003474BD /* cheetah.mp4 in Resources */,
				AC61522D27FD7AB4003474BD /* ostrich.mp4 in Resources */,
				AC61522E27FD7AB4003474BD /* zebra.mp4 in Resources */,
				AC61522927FD7AB4003474BD /* lioness.mp4 in Resources */,
			);
			runOnlyForDeploymentPostprocessing = 0;
		};
/* End PBXResourcesBuildPhase section */

/* Begin PBXSourcesBuildPhase section */
		AC61520827FD7601003474BD /* Sources */ = {
			isa = PBXSourcesBuildPhase;
			buildActionMask = 2147483647;
			files = (
				ACA8D87928047C6000D3CA0E /* ExternalWeblinkView.swift in Sources */,
				AC61521227FD7601003474BD /* ContentView.swift in Sources */,
				ACA8D86B2801E40000D3CA0E /* AnimalListItemView.swift in Sources */,
				AC61524427FD7F0F003474BD /* MainView.swift in Sources */,
				ACA8D875280473C000D3CA0E /* InsetFactView.swift in Sources */,
				AC61524727FDEFB1003474BD /* CoverImageView.swift in Sources */,
				ACA8D86627FEC40600D3CA0E /* CoverImageModel.swift in Sources */,
				ACA8D86F280410EC00D3CA0E /* AnimalDetailView.swift in Sources */,
				ACA8D86D2801E72300D3CA0E /* AnimalModel.swift in Sources */,
				AC61524027FD7EF0003474BD /* MapView.swift in Sources */,
				ACA8D8772804781500D3CA0E /* InsetMapView.swift in Sources */,
				AC61521027FD7601003474BD /* SafariApp.swift in Sources */,
				AC61523E27FD7EDC003474BD /* VideoListView.swift in Sources */,
				AC61524227FD7F01003474BD /* GalleryView.swift in Sources */,
				ACA8D8732804175B00D3CA0E /* InsetGalleryView.swift in Sources */,
				ACA8D86927FEDC5200D3CA0E /* CodableBundleExtension.swift in Sources */,
				ACA8D871280415A900D3CA0E /* HeadingView.swift in Sources */,
			);
			runOnlyForDeploymentPostprocessing = 0;
		};
/* End PBXSourcesBuildPhase section */

/* Begin XCBuildConfiguration section */
		AC61521827FD7602003474BD /* Debug */ = {
			isa = XCBuildConfiguration;
			buildSettings = {
				ALWAYS_SEARCH_USER_PATHS = NO;
				CLANG_ANALYZER_NONNULL = YES;
				CLANG_ANALYZER_NUMBER_OBJECT_CONVERSION = YES_AGGRESSIVE;
				CLANG_CXX_LANGUAGE_STANDARD = "gnu++17";
				CLANG_ENABLE_MODULES = YES;
				CLANG_ENABLE_OBJC_ARC = YES;
				CLANG_ENABLE_OBJC_WEAK = YES;
				CLANG_WARN_BLOCK_CAPTURE_AUTORELEASING = YES;
				CLANG_WARN_BOOL_CONVERSION = YES;
				CLANG_WARN_COMMA = YES;
				CLANG_WARN_CONSTANT_CONVERSION = YES;
				CLANG_WARN_DEPRECATED_OBJC_IMPLEMENTATIONS = YES;
				CLANG_WARN_DIRECT_OBJC_ISA_USAGE = YES_ERROR;
				CLANG_WARN_DOCUMENTATION_COMMENTS = YES;
				CLANG_WARN_EMPTY_BODY = YES;
				CLANG_WARN_ENUM_CONVERSION = YES;
				CLANG_WARN_INFINITE_RECURSION = YES;
				CLANG_WARN_INT_CONVERSION = YES;
				CLANG_WARN_NON_LITERAL_NULL_CONVERSION = YES;
				CLANG_WARN_OBJC_IMPLICIT_RETAIN_SELF = YES;
				CLANG_WARN_OBJC_LITERAL_CONVERSION = YES;
				CLANG_WARN_OBJC_ROOT_CLASS = YES_ERROR;
				CLANG_WARN_QUOTED_INCLUDE_IN_FRAMEWORK_HEADER = YES;
				CLANG_WARN_RANGE_LOOP_ANALYSIS = YES;
				CLANG_WARN_STRICT_PROTOTYPES = YES;
				CLANG_WARN_SUSPICIOUS_MOVE = YES;
				CLANG_WARN_UNGUARDED_AVAILABILITY = YES_AGGRESSIVE;
				CLANG_WARN_UNREACHABLE_CODE = YES;
				CLANG_WARN__DUPLICATE_METHOD_MATCH = YES;
				COPY_PHASE_STRIP = NO;
				DEBUG_INFORMATION_FORMAT = dwarf;
				ENABLE_STRICT_OBJC_MSGSEND = YES;
				ENABLE_TESTABILITY = YES;
				GCC_C_LANGUAGE_STANDARD = gnu11;
				GCC_DYNAMIC_NO_PIC = NO;
				GCC_NO_COMMON_BLOCKS = YES;
				GCC_OPTIMIZATION_LEVEL = 0;
				GCC_PREPROCESSOR_DEFINITIONS = (
					"DEBUG=1",
					"$(inherited)",
				);
				GCC_WARN_64_TO_32_BIT_CONVERSION = YES;
				GCC_WARN_ABOUT_RETURN_TYPE = YES_ERROR;
				GCC_WARN_UNDECLARED_SELECTOR = YES;
				GCC_WARN_UNINITIALIZED_AUTOS = YES_AGGRESSIVE;
				GCC_WARN_UNUSED_FUNCTION = YES;
				GCC_WARN_UNUSED_VARIABLE = YES;
				IPHONEOS_DEPLOYMENT_TARGET = 15.4;
				MTL_ENABLE_DEBUG_INFO = INCLUDE_SOURCE;
				MTL_FAST_MATH = YES;
				ONLY_ACTIVE_ARCH = YES;
				SDKROOT = iphoneos;
				SWIFT_ACTIVE_COMPILATION_CONDITIONS = DEBUG;
				SWIFT_OPTIMIZATION_LEVEL = "-Onone";
			};
			name = Debug;
		};
		AC61521927FD7602003474BD /* Release */ = {
			isa = XCBuildConfiguration;
			buildSettings = {
				ALWAYS_SEARCH_USER_PATHS = NO;
				CLANG_ANALYZER_NONNULL = YES;
				CLANG_ANALYZER_NUMBER_OBJECT_CONVERSION = YES_AGGRESSIVE;
				CLANG_CXX_LANGUAGE_STANDARD = "gnu++17";
				CLANG_ENABLE_MODULES = YES;
				CLANG_ENABLE_OBJC_ARC = YES;
				CLANG_ENABLE_OBJC_WEAK = YES;
				CLANG_WARN_BLOCK_CAPTURE_AUTORELEASING = YES;
				CLANG_WARN_BOOL_CONVERSION = YES;
				CLANG_WARN_COMMA = YES;
				CLANG_WARN_CONSTANT_CONVERSION = YES;
				CLANG_WARN_DEPRECATED_OBJC_IMPLEMENTATIONS = YES;
				CLANG_WARN_DIRECT_OBJC_ISA_USAGE = YES_ERROR;
				CLANG_WARN_DOCUMENTATION_COMMENTS = YES;
				CLANG_WARN_EMPTY_BODY = YES;
				CLANG_WARN_ENUM_CONVERSION = YES;
				CLANG_WARN_INFINITE_RECURSION = YES;
				CLANG_WARN_INT_CONVERSION = YES;
				CLANG_WARN_NON_LITERAL_NULL_CONVERSION = YES;
				CLANG_WARN_OBJC_IMPLICIT_RETAIN_SELF = YES;
				CLANG_WARN_OBJC_LITERAL_CONVERSION = YES;
				CLANG_WARN_OBJC_ROOT_CLASS = YES_ERROR;
				CLANG_WARN_QUOTED_INCLUDE_IN_FRAMEWORK_HEADER = YES;
				CLANG_WARN_RANGE_LOOP_ANALYSIS = YES;
				CLANG_WARN_STRICT_PROTOTYPES = YES;
				CLANG_WARN_SUSPICIOUS_MOVE = YES;
				CLANG_WARN_UNGUARDED_AVAILABILITY = YES_AGGRESSIVE;
				CLANG_WARN_UNREACHABLE_CODE = YES;
				CLANG_WARN__DUPLICATE_METHOD_MATCH = YES;
				COPY_PHASE_STRIP = NO;
				DEBUG_INFORMATION_FORMAT = "dwarf-with-dsym";
				ENABLE_NS_ASSERTIONS = NO;
				ENABLE_STRICT_OBJC_MSGSEND = YES;
				GCC_C_LANGUAGE_STANDARD = gnu11;
				GCC_NO_COMMON_BLOCKS = YES;
				GCC_WARN_64_TO_32_BIT_CONVERSION = YES;
				GCC_WARN_ABOUT_RETURN_TYPE = YES_ERROR;
				GCC_WARN_UNDECLARED_SELECTOR = YES;
				GCC_WARN_UNINITIALIZED_AUTOS = YES_AGGRESSIVE;
				GCC_WARN_UNUSED_FUNCTION = YES;
				GCC_WARN_UNUSED_VARIABLE = YES;
				IPHONEOS_DEPLOYMENT_TARGET = 15.4;
				MTL_ENABLE_DEBUG_INFO = NO;
				MTL_FAST_MATH = YES;
				SDKROOT = iphoneos;
				SWIFT_COMPILATION_MODE = wholemodule;
				SWIFT_OPTIMIZATION_LEVEL = "-O";
				VALIDATE_PRODUCT = YES;
			};
			name = Release;
		};
		AC61521B27FD7602003474BD /* Debug */ = {
			isa = XCBuildConfiguration;
			buildSettings = {
				ASSETCATALOG_COMPILER_APPICON_NAME = AppIcon;
				ASSETCATALOG_COMPILER_GLOBAL_ACCENT_COLOR_NAME = AccentColor;
				CODE_SIGN_STYLE = Automatic;
				CURRENT_PROJECT_VERSION = 1;
				DEVELOPMENT_ASSET_PATHS = "\"Safari/Preview Content\"";
				DEVELOPMENT_TEAM = NJWKSQXR8C;
				ENABLE_PREVIEWS = YES;
				GENERATE_INFOPLIST_FILE = YES;
				INFOPLIST_FILE = Safari/Info.plist;
				INFOPLIST_KEY_UIApplicationSceneManifest_Generation = YES;
				INFOPLIST_KEY_UIApplicationSupportsIndirectInputEvents = YES;
				INFOPLIST_KEY_UISupportedInterfaceOrientations_iPad = "UIInterfaceOrientationPortrait UIInterfaceOrientationPortraitUpsideDown UIInterfaceOrientationLandscapeLeft UIInterfaceOrientationLandscapeRight";
				INFOPLIST_KEY_UISupportedInterfaceOrientations_iPhone = "UIInterfaceOrientationPortrait UIInterfaceOrientationLandscapeLeft UIInterfaceOrientationLandscapeRight";
				INFOPLIST_KEY_UIUserInterfaceStyle = Dark;
				LD_RUNPATH_SEARCH_PATHS = (
					"$(inherited)",
					"@executable_path/Frameworks",
				);
				MARKETING_VERSION = 1.0;
				PRODUCT_BUNDLE_IDENTIFIER = "Alexandre-Narek.Safari";
				PRODUCT_NAME = "$(TARGET_NAME)";
				SWIFT_EMIT_LOC_STRINGS = YES;
				SWIFT_VERSION = 5.0;
				TARGETED_DEVICE_FAMILY = "1,2";
			};
			name = Debug;
		};
		AC61521C27FD7602003474BD /* Release */ = {
			isa = XCBuildConfiguration;
			buildSettings = {
				ASSETCATALOG_COMPILER_APPICON_NAME = AppIcon;
				ASSETCATALOG_COMPILER_GLOBAL_ACCENT_COLOR_NAME = AccentColor;
				CODE_SIGN_STYLE = Automatic;
				CURRENT_PROJECT_VERSION = 1;
				DEVELOPMENT_ASSET_PATHS = "\"Safari/Preview Content\"";
				DEVELOPMENT_TEAM = NJWKSQXR8C;
				ENABLE_PREVIEWS = YES;
				GENERATE_INFOPLIST_FILE = YES;
				INFOPLIST_FILE = Safari/Info.plist;
				INFOPLIST_KEY_UIApplicationSceneManifest_Generation = YES;
				INFOPLIST_KEY_UIApplicationSupportsIndirectInputEvents = YES;
				INFOPLIST_KEY_UISupportedInterfaceOrientations_iPad = "UIInterfaceOrientationPortrait UIInterfaceOrientationPortraitUpsideDown UIInterfaceOrientationLandscapeLeft UIInterfaceOrientationLandscapeRight";
				INFOPLIST_KEY_UISupportedInterfaceOrientations_iPhone = "UIInterfaceOrientationPortrait UIInterfaceOrientationLandscapeLeft UIInterfaceOrientationLandscapeRight";
				INFOPLIST_KEY_UIUserInterfaceStyle = Dark;
				LD_RUNPATH_SEARCH_PATHS = (
					"$(inherited)",
					"@executable_path/Frameworks",
				);
				MARKETING_VERSION = 1.0;
				PRODUCT_BUNDLE_IDENTIFIER = "Alexandre-Narek.Safari";
				PRODUCT_NAME = "$(TARGET_NAME)";
				SWIFT_EMIT_LOC_STRINGS = YES;
				SWIFT_VERSION = 5.0;
				TARGETED_DEVICE_FAMILY = "1,2";
			};
			name = Release;
		};
/* End XCBuildConfiguration section */

/* Begin XCConfigurationList section */
		AC61520727FD7601003474BD /* Build configuration list for PBXProject "Safari" */ = {
			isa = XCConfigurationList;
			buildConfigurations = (
				AC61521827FD7602003474BD /* Debug */,
				AC61521927FD7602003474BD /* Release */,
			);
			defaultConfigurationIsVisible = 0;
			defaultConfigurationName = Release;
		};
		AC61521A27FD7602003474BD /* Build configuration list for PBXNativeTarget "Safari" */ = {
			isa = XCConfigurationList;
			buildConfigurations = (
				AC61521B27FD7602003474BD /* Debug */,
				AC61521C27FD7602003474BD /* Release */,
			);
			defaultConfigurationIsVisible = 0;
			defaultConfigurationName = Release;
		};
/* End XCConfigurationList section */
	};
	rootObject = AC61520427FD7601003474BD /* Project object */;
}
